
Microsoft Visual Studio Solution File, Format Version 12.00
# Visual Studio Version 17
VisualStudioVersion = 17.0.31903.59
MinimumVisualStudioVersion = 10.0.40219.1
Project("{FAE04EC0-301F-11D3-BF4B-00C04F79EFBC}") = "PhoneShopServer", "PhoneShopServer\PhoneShopServer.csproj", "{8C75882F-C321-4A0D-9294-DEFA451994B6}"
EndProject
Project("{FAE04EC0-301F-11D3-BF4B-00C04F79EFBC}") = "PhoneShopClient", "PhoneShopClient\PhoneShopClient.csproj", "{4DEA33D3-C514-46D7-A922-C6FB876BEA20}"
EndProject
Project("{FAE04EC0-301F-11D3-BF4B-00C04F79EFBC}") = "PhoneShopeSharedLibrary", "PhoneShopeSharedLibrary\PhoneShopeSharedLibrary.csproj", "{3C9D486A-AB7C-4833-B954-D77C41619807}"
EndProject
Global
	GlobalSection(SolutionConfigurationPlatforms) = preSolution
		Debug|Any CPU = Debug|Any CPU
		Release|Any CPU = Release|Any CPU
	EndGlobalSection
	GlobalSection(SolutionProperties) = preSolution
		HideSolutionNode = FALSE
	EndGlobalSection
	GlobalSection(ProjectConfigurationPlatforms) = postSolution
		{8C75882F-C321-4A0D-9294-DEFA451994B6}.Debug|Any CPU.ActiveCfg = Debug|Any CPU
		{8C75882F-C321-4A0D-9294-DEFA451994B6}.Debug|Any CPU.Build.0 = Debug|Any CPU
		{8C75882F-C321-4A0D-9294-DEFA451994B6}.Release|Any CPU.ActiveCfg = Release|Any CPU
		{8C75882F-C321-4A0D-9294-DEFA451994B6}.Release|Any CPU.Build.0 = Release|Any CPU
		{4DEA33D3-C514-46D7-A922-C6FB876BEA20}.Debug|Any CPU.ActiveCfg = Debug|Any CPU
		{4DEA33D3-C514-46D7-A922-C6FB876BEA20}.Debug|Any CPU.Build.0 = Debug|Any CPU
		{4DEA33D3-C514-46D7-A922-C6FB876BEA20}.Release|Any CPU.ActiveCfg = Release|Any CPU
		{4DEA33D3-C514-46D7-A922-C6FB876BEA20}.Release|Any CPU.Build.0 = Release|Any CPU
		{3C9D486A-AB7C-4833-B954-D77C41619807}.Debug|Any CPU.ActiveCfg = Debug|Any CPU
		{3C9D486A-AB7C-4833-B954-D77C41619807}.Debug|Any CPU.Build.0 = Debug|Any CPU
		{3C9D486A-AB7C-4833-B954-D77C41619807}.Release|Any CPU.ActiveCfg = Release|Any CPU
		{3C9D486A-AB7C-4833-B954-D77C41619807}.Release|Any CPU.Build.0 = Release|Any CPU
	EndGlobalSection
EndGlobal
